
Microsoft Visual Studio Solution File, Format Version 12.00
# Visual Studio Version 16
VisualStudioVersion = 16.0.31829.152
MinimumVisualStudioVersion = 10.0.40219.1
Project("{13B669BE-BB05-4DDF-9536-439F39A36129}") = "PHPWebProject1", "PHPWebProject1.phpproj", "{822D693D-EAD0-44BB-B20E-ACDAA84C68E1}"
EndProject
Project("{13B669BE-BB05-4DDF-9536-439F39A36129}") = "PHPWebProject2", "..\PHPWebProject2\PHPWebProject2.phpproj", "{EDC1441D-BD17-4617-A0E1-5DB7B8E6F696}"
EndProject
Project("{13B669BE-BB05-4DDF-9536-439F39A36129}") = "PHPWebProject", "..\PHPWebProject\PHPWebProject.phpproj", "{DB557EF1-EAB7-4145-A823-2A11C304689C}"
EndProject
Global
	GlobalSection(SolutionConfigurationPlatforms) = preSolution
		Debug|Any CPU = Debug|Any CPU
		Release|Any CPU = Release|Any CPU
	EndGlobalSection
	GlobalSection(ProjectConfigurationPlatforms) = postSolution
		{822D693D-EAD0-44BB-B20E-ACDAA84C68E1}.Debug|Any CPU.ActiveCfg = Debug|Any CPU
		{822D693D-EAD0-44BB-B20E-ACDAA84C68E1}.Debug|Any CPU.Build.0 = Debug|Any CPU
		{822D693D-EAD0-44BB-B20E-ACDAA84C68E1}.Release|Any CPU.ActiveCfg = Release|Any CPU
		{822D693D-EAD0-44BB-B20E-ACDAA84C68E1}.Release|Any CPU.Build.0 = Release|Any CPU
		{EDC1441D-BD17-4617-A0E1-5DB7B8E6F696}.Debug|Any CPU.ActiveCfg = Debug|Any CPU
		{EDC1441D-BD17-4617-A0E1-5DB7B8E6F696}.Debug|Any CPU.Build.0 = Debug|Any CPU
		{EDC1441D-BD17-4617-A0E1-5DB7B8E6F696}.Release|Any CPU.ActiveCfg = Release|Any CPU
		{EDC1441D-BD17-4617-A0E1-5DB7B8E6F696}.Release|Any CPU.Build.0 = Release|Any CPU
		{DB557EF1-EAB7-4145-A823-2A11C304689C}.Debug|Any CPU.ActiveCfg = Debug|Any CPU
		{DB557EF1-EAB7-4145-A823-2A11C304689C}.Debug|Any CPU.Build.0 = Debug|Any CPU
		{DB557EF1-EAB7-4145-A823-2A11C304689C}.Release|Any CPU.ActiveCfg = Release|Any CPU
		{DB557EF1-EAB7-4145-A823-2A11C304689C}.Release|Any CPU.Build.0 = Release|Any CPU
	EndGlobalSection
	GlobalSection(SolutionProperties) = preSolution
		HideSolutionNode = FALSE
	EndGlobalSection
	GlobalSection(ExtensibilityGlobals) = postSolution
		SolutionGuid = {E928AF48-734C-474D-BAA8-51D0570836EA}
	EndGlobalSection
EndGlobal
